
Microsoft Visual Studio Solution File, Format Version 12.00
# Visual Studio Version 17
VisualStudioVersion = 17.9.34723.18
MinimumVisualStudioVersion = 10.0.40219.1
Project("{FAE04EC0-301F-11D3-BF4B-00C04F79EFBC}") = "csharp-net-forms-simon-says", "csharp-net-forms-simon-says\csharp-net-forms-simon-says.csproj", "{DD5BD382-E1D9-4367-8409-79860C7AE765}"
EndProject
Global
	GlobalSection(SolutionConfigurationPlatforms) = preSolution
		Debug|Any CPU = Debug|Any CPU
		Release|Any CPU = Release|Any CPU
	EndGlobalSection
	GlobalSection(ProjectConfigurationPlatforms) = postSolution
		{DD5BD382-E1D9-4367-8409-79860C7AE765}.Debug|Any CPU.ActiveCfg = Debug|Any CPU
		{DD5BD382-E1D9-4367-8409-79860C7AE765}.Debug|Any CPU.Build.0 = Debug|Any CPU
		{DD5BD382-E1D9-4367-8409-79860C7AE765}.Release|Any CPU.ActiveCfg = Release|Any CPU
		{DD5BD382-E1D9-4367-8409-79860C7AE765}.Release|Any CPU.Build.0 = Release|Any CPU
	EndGlobalSection
	GlobalSection(SolutionProperties) = preSolution
		HideSolutionNode = FALSE
	EndGlobalSection
	GlobalSection(ExtensibilityGlobals) = postSolution
		SolutionGuid = {4067CD54-A37B-4521-A526-3200CBC94F47}
	EndGlobalSection
EndGlobal
